
Microsoft Visual Studio Solution File, Format Version 12.00
# Visual Studio Version 17
VisualStudioVersion = 17.9.34728.123
MinimumVisualStudioVersion = 10.0.40219.1
Project("{FAE04EC0-301F-11D3-BF4B-00C04F79EFBC}") = "TicTacToe_GameApp", "TicTacToe_GameApp.csproj", "{DD3C247C-72B0-4D84-AAC8-87A4446C39E9}"
EndProject
Global
	GlobalSection(SolutionConfigurationPlatforms) = preSolution
		Debug|Any CPU = Debug|Any CPU
		Release|Any CPU = Release|Any CPU
	EndGlobalSection
	GlobalSection(ProjectConfigurationPlatforms) = postSolution
		{DD3C247C-72B0-4D84-AAC8-87A4446C39E9}.Debug|Any CPU.ActiveCfg = Debug|Any CPU
		{DD3C247C-72B0-4D84-AAC8-87A4446C39E9}.Debug|Any CPU.Build.0 = Debug|Any CPU
		{DD3C247C-72B0-4D84-AAC8-87A4446C39E9}.Release|Any CPU.ActiveCfg = Release|Any CPU
		{DD3C247C-72B0-4D84-AAC8-87A4446C39E9}.Release|Any CPU.Build.0 = Release|Any CPU
	EndGlobalSection
	GlobalSection(SolutionProperties) = preSolution
		HideSolutionNode = FALSE
	EndGlobalSection
	GlobalSection(ExtensibilityGlobals) = postSolution
		SolutionGuid = {02A35462-BD64-4F26-85B2-BA204AC3CD6E}
	EndGlobalSection
EndGlobal
